{
  "lockfileVersion": 1,
  "workspaces": {
    "": {
      "devDependencies": {
        "daisyui": "^5.0.0-beta.2",
        "tailwindcss": "^4.0.0",
      },
    },
  },
  "packages": {
    "daisyui": ["daisyui@5.0.0-beta.2", "", {}, "sha512-H1gXtcQhjcKze3UBq23dJUyKYIxHrVIKb6XtDfnSh6Ft4d0BMfPOwuvzIsuEe5PkbBm9kZH0ny+aQqiDosqpPQ=="],

    "tailwindcss": ["tailwindcss@4.0.0", "", {}, "sha512-ULRPI3A+e39T7pSaf1xoi58AqqJxVCLg8F/uM5A3FadUbnyDTgltVnXJvdkTjwCOGA6NazqHVcwPJC5h2vRYVQ=="],
  }
}
