{
  "name": "my-website",
  "lockfileVersion": 3,
  "requires": true,
  "packages": {
    "": {
      "devDependencies": {
        "daisyui": "^5.0.0-beta.2",
        "tailwindcss": "^4.0.0"
      }
    },
    "node_modules/daisyui": {
      "version": "5.0.0-beta.2",
      "resolved": "https://registry.npmjs.org/daisyui/-/daisyui-5.0.0-beta.2.tgz",
      "integrity": "sha512-H1gXtcQhjcKze3UBq23dJUyKYIxHrVIKb6XtDfnSh6Ft4d0BMfPOwuvzIsuEe5PkbBm9kZH0ny+aQqiDosqpPQ==",
      "dev": true,
      "license": "MIT",
      "funding": {
        "url": "https://github.com/saadeghi/daisyui?sponsor=1"
      }
    },
    "node_modules/tailwindcss": {
      "version": "4.0.0",
      "resolved": "https://registry.npmjs.org/tailwindcss/-/tailwindcss-4.0.0.tgz",
      "integrity": "sha512-ULRPI3A+e39T7pSaf1xoi58AqqJxVCLg8F/uM5A3FadUbnyDTgltVnXJvdkTjwCOGA6NazqHVcwPJC5h2vRYVQ==",
      "dev": true,
      "license": "MIT"
    }
  }
}
